// !$*UTF8*$!
{
	archiveVersion = 1;
	classes = {
	};
	objectVersion = 46;
	objects = {

/* Begin PBXBuildFile section */
		88427DA153A3531F5E5BE558 /* Pods_ReactiveCocoaHeads.framework in Frameworks */ = {isa = PBXBuildFile; fileRef = 54F6C537F20C5AF3E32AFC48 /* Pods_ReactiveCocoaHeads.framework */; settings = {ATTRIBUTES = (Weak, ); }; };
		BF3E095B1BBC10C40006CB45 /* main.m in Sources */ = {isa = PBXBuildFile; fileRef = BF3E095A1BBC10C40006CB45 /* main.m */; };
		BF3E095E1BBC10C40006CB45 /* AppDelegate.m in Sources */ = {isa = PBXBuildFile; fileRef = BF3E095D1BBC10C40006CB45 /* AppDelegate.m */; };
		BF3E09611BBC10C40006CB45 /* ViewController.m in Sources */ = {isa = PBXBuildFile; fileRef = BF3E09601BBC10C40006CB45 /* ViewController.m */; };
		BF3E09641BBC10C40006CB45 /* Main.storyboard in Resources */ = {isa = PBXBuildFile; fileRef = BF3E09621BBC10C40006CB45 /* Main.storyboard */; };
		BF3E09661BBC10C40006CB45 /* Assets.xcassets in Resources */ = {isa = PBXBuildFile; fileRef = BF3E09651BBC10C40006CB45 /* Assets.xcassets */; };
		BF3E09691BBC10C40006CB45 /* LaunchScreen.storyboard in Resources */ = {isa = PBXBuildFile; fileRef = BF3E09671BBC10C40006CB45 /* LaunchScreen.storyboard */; };
		BF3E09721BBC220A0006CB45 /* SignInService.m in Sources */ = {isa = PBXBuildFile; fileRef = BF3E09711BBC220A0006CB45 /* SignInService.m */; settings = {ASSET_TAGS = (); }; };
/* End PBXBuildFile section */

/* Begin PBXFileReference section */
		54F6C537F20C5AF3E32AFC48 /* Pods_ReactiveCocoaHeads.framework */ = {isa = PBXFileReference; explicitFileType = wrapper.framework; includeInIndex = 0; path = Pods_ReactiveCocoaHeads.framework; sourceTree = BUILT_PRODUCTS_DIR; };
		8B91EB9804BDFEAC459948F2 /* Pods-ReactiveCocoaHeads.release.xcconfig */ = {isa = PBXFileReference; includeInIndex = 1; lastKnownFileType = text.xcconfig; name = "Pods-ReactiveCocoaHeads.release.xcconfig"; path = "Pods/Target Support Files/Pods-ReactiveCocoaHeads/Pods-ReactiveCocoaHeads.release.xcconfig"; sourceTree = "<group>"; };
		BF3E09561BBC10C40006CB45 /* ReactiveCocoaHeads.app */ = {isa = PBXFileReference; explicitFileType = wrapper.application; includeInIndex = 0; path = ReactiveCocoaHeads.app; sourceTree = BUILT_PRODUCTS_DIR; };
		BF3E095A1BBC10C40006CB45 /* main.m */ = {isa = PBXFileReference; lastKnownFileType = sourcecode.c.objc; path = main.m; sourceTree = "<group>"; };
		BF3E095C1BBC10C40006CB45 /* AppDelegate.h */ = {isa = PBXFileReference; lastKnownFileType = sourcecode.c.h; path = AppDelegate.h; sourceTree = "<group>"; };
		BF3E095D1BBC10C40006CB45 /* AppDelegate.m */ = {isa = PBXFileReference; lastKnownFileType = sourcecode.c.objc; path = AppDelegate.m; sourceTree = "<group>"; };
		BF3E095F1BBC10C40006CB45 /* ViewController.h */ = {isa = PBXFileReference; lastKnownFileType = sourcecode.c.h; path = ViewController.h; sourceTree = "<group>"; };
		BF3E09601BBC10C40006CB45 /* ViewController.m */ = {isa = PBXFileReference; lastKnownFileType = sourcecode.c.objc; path = ViewController.m; sourceTree = "<group>"; };
		BF3E09631BBC10C40006CB45 /* Base */ = {isa = PBXFileReference; lastKnownFileType = file.storyboard; name = Base; path = Base.lproj/Main.storyboard; sourceTree = "<group>"; };
		BF3E09651BBC10C40006CB45 /* Assets.xcassets */ = {isa = PBXFileReference; lastKnownFileType = folder.assetcatalog; path = Assets.xcassets; sourceTree = "<group>"; };
		BF3E09681BBC10C40006CB45 /* Base */ = {isa = PBXFileReference; lastKnownFileType = file.storyboard; name = Base; path = Base.lproj/LaunchScreen.storyboard; sourceTree = "<group>"; };
		BF3E096A1BBC10C40006CB45 /* Info.plist */ = {isa = PBXFileReference; lastKnownFileType = text.plist.xml; path = Info.plist; sourceTree = "<group>"; };
		BF3E09701BBC220A0006CB45 /* SignInService.h */ = {isa = PBXFileReference; fileEncoding = 4; lastKnownFileType = sourcecode.c.h; path = SignInService.h; sourceTree = "<group>"; };
		BF3E09711BBC220A0006CB45 /* SignInService.m */ = {isa = PBXFileReference; fileEncoding = 4; lastKnownFileType = sourcecode.c.objc; path = SignInService.m; sourceTree = "<group>"; };
		DCF0DFE5BEF0541A1CAC988C /* Pods-ReactiveCocoaHeads.debug.xcconfig */ = {isa = PBXFileReference; includeInIndex = 1; lastKnownFileType = text.xcconfig; name = "Pods-ReactiveCocoaHeads.debug.xcconfig"; path = "Pods/Target Support Files/Pods-ReactiveCocoaHeads/Pods-ReactiveCocoaHeads.debug.xcconfig"; sourceTree = "<group>"; };
/* End PBXFileReference section */

/* Begin PBXFrameworksBuildPhase section */
		BF3E09531BBC10C40006CB45 /* Frameworks */ = {
			isa = PBXFrameworksBuildPhase;
			buildActionMask = 2147483647;
			files = (
				88427DA153A3531F5E5BE558 /* Pods_ReactiveCocoaHeads.framework in Frameworks */,
			);
			runOnlyForDeploymentPostprocessing = 0;
		};
/* End PBXFrameworksBuildPhase section */

/* Begin PBXGroup section */
		26D712E27D8186941025BCB9 /* Pods */ = {
			isa = PBXGroup;
			children = (
				DCF0DFE5BEF0541A1CAC988C /* Pods-ReactiveCocoaHeads.debug.xcconfig */,
				8B91EB9804BDFEAC459948F2 /* Pods-ReactiveCocoaHeads.release.xcconfig */,
			);
			name = Pods;
			sourceTree = "<group>";
		};
		95E416940365F89650BDF057 /* Frameworks */ = {
			isa = PBXGroup;
			children = (
				54F6C537F20C5AF3E32AFC48 /* Pods_ReactiveCocoaHeads.framework */,
			);
			name = Frameworks;
			sourceTree = "<group>";
		};
		BF3E094D1BBC10C40006CB45 = {
			isa = PBXGroup;
			children = (
				BF3E09581BBC10C40006CB45 /* ReactiveCocoaHeads */,
				BF3E09571BBC10C40006CB45 /* Products */,
				26D712E27D8186941025BCB9 /* Pods */,
				95E416940365F89650BDF057 /* Frameworks */,
			);
			sourceTree = "<group>";
		};
		BF3E09571BBC10C40006CB45 /* Products */ = {
			isa = PBXGroup;
			children = (
				BF3E09561BBC10C40006CB45 /* ReactiveCocoaHeads.app */,
			);
			name = Products;
			sourceTree = "<group>";
		};
		BF3E09581BBC10C40006CB45 /* ReactiveCocoaHeads */ = {
			isa = PBXGroup;
			children = (
				BF3E095C1BBC10C40006CB45 /* AppDelegate.h */,
				BF3E095D1BBC10C40006CB45 /* AppDelegate.m */,
				BF3E095F1BBC10C40006CB45 /* ViewController.h */,
				BF3E09601BBC10C40006CB45 /* ViewController.m */,
				BF3E09621BBC10C40006CB45 /* Main.storyboard */,
				BF3E09651BBC10C40006CB45 /* Assets.xcassets */,
				BF3E09671BBC10C40006CB45 /* LaunchScreen.storyboard */,
				BF3E096A1BBC10C40006CB45 /* Info.plist */,
				BF3E09591BBC10C40006CB45 /* Supporting Files */,
				BF3E09701BBC220A0006CB45 /* SignInService.h */,
				BF3E09711BBC220A0006CB45 /* SignInService.m */,
			);
			path = ReactiveCocoaHeads;
			sourceTree = "<group>";
		};
		BF3E09591BBC10C40006CB45 /* Supporting Files */ = {
			isa = PBXGroup;
			children = (
				BF3E095A1BBC10C40006CB45 /* main.m */,
			);
			name = "Supporting Files";
			sourceTree = "<group>";
		};
/* End PBXGroup section */

/* Begin PBXNativeTarget section */
		BF3E09551BBC10C40006CB45 /* ReactiveCocoaHeads */ = {
			isa = PBXNativeTarget;
			buildConfigurationList = BF3E096D1BBC10C40006CB45 /* Build configuration list for PBXNativeTarget "ReactiveCocoaHeads" */;
			buildPhases = (
				998F462A7640ABF7904503C3 /* Check Pods Manifest.lock */,
				BF3E09521BBC10C40006CB45 /* Sources */,
				BF3E09531BBC10C40006CB45 /* Frameworks */,
				BF3E09541BBC10C40006CB45 /* Resources */,
				BD2C9C3295CF6F39498FC13A /* Embed Pods Frameworks */,
				16E615E0AE212F33AA7ACAE0 /* Copy Pods Resources */,
			);
			buildRules = (
			);
			dependencies = (
			);
			name = ReactiveCocoaHeads;
			productName = ReactiveCocoaHeads;
			productReference = BF3E09561BBC10C40006CB45 /* ReactiveCocoaHeads.app */;
			productType = "com.apple.product-type.application";
		};
/* End PBXNativeTarget section */

/* Begin PBXProject section */
		BF3E094E1BBC10C40006CB45 /* Project object */ = {
			isa = PBXProject;
			attributes = {
				LastUpgradeCheck = 0700;
				ORGANIZATIONNAME = "Marlon Andrade";
				TargetAttributes = {
					BF3E09551BBC10C40006CB45 = {
						CreatedOnToolsVersion = 7.0;
					};
				};
			};
			buildConfigurationList = BF3E09511BBC10C40006CB45 /* Build configuration list for PBXProject "ReactiveCocoaHeads" */;
			compatibilityVersion = "Xcode 3.2";
			developmentRegion = English;
			hasScannedForEncodings = 0;
			knownRegions = (
				en,
				Base,
			);
			mainGroup = BF3E094D1BBC10C40006CB45;
			productRefGroup = BF3E09571BBC10C40006CB45 /* Products */;
			projectDirPath = "";
			projectRoot = "";
			targets = (
				BF3E09551BBC10C40006CB45 /* ReactiveCocoaHeads */,
			);
		};
/* End PBXProject section */

/* Begin PBXResourcesBuildPhase section */
		BF3E09541BBC10C40006CB45 /* Resources */ = {
			isa = PBXResourcesBuildPhase;
			buildActionMask = 2147483647;
			files = (
				BF3E09691BBC10C40006CB45 /* LaunchScreen.storyboard in Resources */,
				BF3E09661BBC10C40006CB45 /* Assets.xcassets in Resources */,
				BF3E09641BBC10C40006CB45 /* Main.storyboard in Resources */,
			);
			runOnlyForDeploymentPostprocessing = 0;
		};
/* End PBXResourcesBuildPhase section */

/* Begin PBXShellScriptBuildPhase section */
		16E615E0AE212F33AA7ACAE0 /* Copy Pods Resources */ = {
			isa = PBXShellScriptBuildPhase;
			buildActionMask = 2147483647;
			files = (
			);
			inputPaths = (
			);
			name = "Copy Pods Resources";
			outputPaths = (
			);
			runOnlyForDeploymentPostprocessing = 0;
			shellPath = /bin/sh;
			shellScript = "\"${SRCROOT}/Pods/Target Support Files/Pods-ReactiveCocoaHeads/Pods-ReactiveCocoaHeads-resources.sh\"\n";
			showEnvVarsInLog = 0;
		};
		998F462A7640ABF7904503C3 /* Check Pods Manifest.lock */ = {
			isa = PBXShellScriptBuildPhase;
			buildActionMask = 2147483647;
			files = (
			);
			inputPaths = (
			);
			name = "Check Pods Manifest.lock";
			outputPaths = (
			);
			runOnlyForDeploymentPostprocessing = 0;
			shellPath = /bin/sh;
			shellScript = "diff \"${PODS_ROOT}/../Podfile.lock\" \"${PODS_ROOT}/Manifest.lock\" > /dev/null\nif [[ $? != 0 ]] ; then\n    cat << EOM\nerror: The sandbox is not in sync with the Podfile.lock. Run 'pod install' or update your CocoaPods installation.\nEOM\n    exit 1\nfi\n";
			showEnvVarsInLog = 0;
		};
		BD2C9C3295CF6F39498FC13A /* Embed Pods Frameworks */ = {
			isa = PBXShellScriptBuildPhase;
			buildActionMask = 2147483647;
			files = (
			);
			inputPaths = (
			);
			name = "Embed Pods Frameworks";
			outputPaths = (
			);
			runOnlyForDeploymentPostprocessing = 0;
			shellPath = /bin/sh;
			shellScript = "\"${SRCROOT}/Pods/Target Support Files/Pods-ReactiveCocoaHeads/Pods-ReactiveCocoaHeads-frameworks.sh\"\n";
			showEnvVarsInLog = 0;
		};
/* End PBXShellScriptBuildPhase section */

/* Begin PBXSourcesBuildPhase section */
		BF3E09521BBC10C40006CB45 /* Sources */ = {
			isa = PBXSourcesBuildPhase;
			buildActionMask = 2147483647;
			files = (
				BF3E09611BBC10C40006CB45 /* ViewController.m in Sources */,
				BF3E095E1BBC10C40006CB45 /* AppDelegate.m in Sources */,
				BF3E095B1BBC10C40006CB45 /* main.m in Sources */,
				BF3E09721BBC220A0006CB45 /* SignInService.m in Sources */,
			);
			runOnlyForDeploymentPostprocessing = 0;
		};
/* End PBXSourcesBuildPhase section */

/* Begin PBXVariantGroup section */
		BF3E09621BBC10C40006CB45 /* Main.storyboard */ = {
			isa = PBXVariantGroup;
			children = (
				BF3E09631BBC10C40006CB45 /* Base */,
			);
			name = Main.storyboard;
			sourceTree = "<group>";
		};
		BF3E09671BBC10C40006CB45 /* LaunchScreen.storyboard */ = {
			isa = PBXVariantGroup;
			children = (
				BF3E09681BBC10C40006CB45 /* Base */,
			);
			name = LaunchScreen.storyboard;
			sourceTree = "<group>";
		};
/* End PBXVariantGroup section */

/* Begin XCBuildConfiguration section */
		BF3E096B1BBC10C40006CB45 /* Debug */ = {
			isa = XCBuildConfiguration;
			buildSettings = {
				ALWAYS_SEARCH_USER_PATHS = NO;
				CLANG_CXX_LANGUAGE_STANDARD = "gnu++0x";
				CLANG_CXX_LIBRARY = "libc++";
				CLANG_ENABLE_MODULES = YES;
				CLANG_ENABLE_OBJC_ARC = YES;
				CLANG_WARN_BOOL_CONVERSION = YES;
				CLANG_WARN_CONSTANT_CONVERSION = YES;
				CLANG_WARN_DIRECT_OBJC_ISA_USAGE = YES_ERROR;
				CLANG_WARN_EMPTY_BODY = YES;
				CLANG_WARN_ENUM_CONVERSION = YES;
				CLANG_WARN_INT_CONVERSION = YES;
				CLANG_WARN_OBJC_ROOT_CLASS = YES_ERROR;
				CLANG_WARN_UNREACHABLE_CODE = YES;
				CLANG_WARN__DUPLICATE_METHOD_MATCH = YES;
				"CODE_SIGN_IDENTITY[sdk=iphoneos*]" = "iPhone Developer";
				COPY_PHASE_STRIP = NO;
				DEBUG_INFORMATION_FORMAT = dwarf;
				ENABLE_STRICT_OBJC_MSGSEND = YES;
				ENABLE_TESTABILITY = YES;
				GCC_C_LANGUAGE_STANDARD = gnu99;
				GCC_DYNAMIC_NO_PIC = NO;
				GCC_NO_COMMON_BLOCKS = YES;
				GCC_OPTIMIZATION_LEVEL = 0;
				GCC_PREPROCESSOR_DEFINITIONS = (
					"DEBUG=1",
					"$(inherited)",
				);
				GCC_WARN_64_TO_32_BIT_CONVERSION = YES;
				GCC_WARN_ABOUT_RETURN_TYPE = YES_ERROR;
				GCC_WARN_UNDECLARED_SELECTOR = YES;
				GCC_WARN_UNINITIALIZED_AUTOS = YES_AGGRESSIVE;
				GCC_WARN_UNUSED_FUNCTION = YES;
				GCC_WARN_UNUSED_VARIABLE = YES;
				IPHONEOS_DEPLOYMENT_TARGET = 9.0;
				MTL_ENABLE_DEBUG_INFO = YES;
				ONLY_ACTIVE_ARCH = YES;
				SDKROOT = iphoneos;
				TARGETED_DEVICE_FAMILY = "1,2";
			};
			name = Debug;
		};
		BF3E096C1BBC10C40006CB45 /* Release */ = {
			isa = XCBuildConfiguration;
			buildSettings = {
				ALWAYS_SEARCH_USER_PATHS = NO;
				CLANG_CXX_LANGUAGE_STANDARD = "gnu++0x";
				CLANG_CXX_LIBRARY = "libc++";
				CLANG_ENABLE_MODULES = YES;
				CLANG_ENABLE_OBJC_ARC = YES;
				CLANG_WARN_BOOL_CONVERSION = YES;
				CLANG_WARN_CONSTANT_CONVERSION = YES;
				CLANG_WARN_DIRECT_OBJC_ISA_USAGE = YES_ERROR;
				CLANG_WARN_EMPTY_BODY = YES;
				CLANG_WARN_ENUM_CONVERSION = YES;
				CLANG_WARN_INT_CONVERSION = YES;
				CLANG_WARN_OBJC_ROOT_CLASS = YES_ERROR;
				CLANG_WARN_UNREACHABLE_CODE = YES;
				CLANG_WARN__DUPLICATE_METHOD_MATCH = YES;
				"CODE_SIGN_IDENTITY[sdk=iphoneos*]" = "iPhone Developer";
				COPY_PHASE_STRIP = NO;
				DEBUG_INFORMATION_FORMAT = "dwarf-with-dsym";
				ENABLE_NS_ASSERTIONS = NO;
				ENABLE_STRICT_OBJC_MSGSEND = YES;
				GCC_C_LANGUAGE_STANDARD = gnu99;
				GCC_NO_COMMON_BLOCKS = YES;
				GCC_WARN_64_TO_32_BIT_CONVERSION = YES;
				GCC_WARN_ABOUT_RETURN_TYPE = YES_ERROR;
				GCC_WARN_UNDECLARED_SELECTOR = YES;
				GCC_WARN_UNINITIALIZED_AUTOS = YES_AGGRESSIVE;
				GCC_WARN_UNUSED_FUNCTION = YES;
				GCC_WARN_UNUSED_VARIABLE = YES;
				IPHONEOS_DEPLOYMENT_TARGET = 9.0;
				MTL_ENABLE_DEBUG_INFO = NO;
				SDKROOT = iphoneos;
				TARGETED_DEVICE_FAMILY = "1,2";
				VALIDATE_PRODUCT = YES;
			};
			name = Release;
		};
		BF3E096E1BBC10C40006CB45 /* Debug */ = {
			isa = XCBuildConfiguration;
			baseConfigurationReference = DCF0DFE5BEF0541A1CAC988C /* Pods-ReactiveCocoaHeads.debug.xcconfig */;
			buildSettings = {
				ASSETCATALOG_COMPILER_APPICON_NAME = AppIcon;
				INFOPLIST_FILE = ReactiveCocoaHeads/Info.plist;
				LD_RUNPATH_SEARCH_PATHS = "$(inherited) @executable_path/Frameworks";
				PRODUCT_BUNDLE_IDENTIFIER = br.com.marlonandrade.ReactiveCocoaHeads;
				PRODUCT_NAME = "$(TARGET_NAME)";
			};
			name = Debug;
		};
		BF3E096F1BBC10C40006CB45 /* Release */ = {
			isa = XCBuildConfiguration;
			baseConfigurationReference = 8B91EB9804BDFEAC459948F2 /* Pods-ReactiveCocoaHeads.release.xcconfig */;
			buildSettings = {
				ASSETCATALOG_COMPILER_APPICON_NAME = AppIcon;
				INFOPLIST_FILE = ReactiveCocoaHeads/Info.plist;
				LD_RUNPATH_SEARCH_PATHS = "$(inherited) @executable_path/Frameworks";
				PRODUCT_BUNDLE_IDENTIFIER = br.com.marlonandrade.ReactiveCocoaHeads;
				PRODUCT_NAME = "$(TARGET_NAME)";
			};
			name = Release;
		};
/* End XCBuildConfiguration section */

/* Begin XCConfigurationList section */
		BF3E09511BBC10C40006CB45 /* Build configuration list for PBXProject "ReactiveCocoaHeads" */ = {
			isa = XCConfigurationList;
			buildConfigurations = (
				BF3E096B1BBC10C40006CB45 /* Debug */,
				BF3E096C1BBC10C40006CB45 /* Release */,
			);
			defaultConfigurationIsVisible = 0;
			defaultConfigurationName = Release;
		};
		BF3E096D1BBC10C40006CB45 /* Build configuration list for PBXNativeTarget "ReactiveCocoaHeads" */ = {
			isa = XCConfigurationList;
			buildConfigurations = (
				BF3E096E1BBC10C40006CB45 /* Debug */,
				BF3E096F1BBC10C40006CB45 /* Release */,
			);
			defaultConfigurationIsVisible = 0;
			defaultConfigurationName = Release;
		};
/* End XCConfigurationList section */
	};
	rootObject = BF3E094E1BBC10C40006CB45 /* Project object */;
}
